
Microsoft Visual Studio Solution File, Format Version 12.00
# Visual Studio Version 16
VisualStudioVersion = 16.0.31624.102
MinimumVisualStudioVersion = 10.0.40219.1
Project("{8BC9CEB8-8B4A-11D0-8D11-00A0C91BC942}") = "07.06class", "07.06class\07.06class.vcxproj", "{7B87E07A-C809-4ACC-81CA-7B8309FD0419}"
EndProject
Global
	GlobalSection(SolutionConfigurationPlatforms) = preSolution
		Debug|x64 = Debug|x64
		Debug|x86 = Debug|x86
		Release|x64 = Release|x64
		Release|x86 = Release|x86
	EndGlobalSection
	GlobalSection(ProjectConfigurationPlatforms) = postSolution
		{7B87E07A-C809-4ACC-81CA-7B8309FD0419}.Debug|x64.ActiveCfg = Debug|x64
		{7B87E07A-C809-4ACC-81CA-7B8309FD0419}.Debug|x64.Build.0 = Debug|x64
		{7B87E07A-C809-4ACC-81CA-7B8309FD0419}.Debug|x86.ActiveCfg = Debug|Win32
		{7B87E07A-C809-4ACC-81CA-7B8309FD0419}.Debug|x86.Build.0 = Debug|Win32
		{7B87E07A-C809-4ACC-81CA-7B8309FD0419}.Release|x64.ActiveCfg = Release|x64
		{7B87E07A-C809-4ACC-81CA-7B8309FD0419}.Release|x64.Build.0 = Release|x64
		{7B87E07A-C809-4ACC-81CA-7B8309FD0419}.Release|x86.ActiveCfg = Release|Win32
		{7B87E07A-C809-4ACC-81CA-7B8309FD0419}.Release|x86.Build.0 = Release|Win32
	EndGlobalSection
	GlobalSection(SolutionProperties) = preSolution
		HideSolutionNode = FALSE
	EndGlobalSection
	GlobalSection(ExtensibilityGlobals) = postSolution
		SolutionGuid = {E7E0CCD5-3C22-4DDE-BA3A-E49FD152276B}
	EndGlobalSection
EndGlobal
